
Microsoft Visual Studio Solution File, Format Version 12.00
# Visual Studio Version 16
VisualStudioVersion = 16.0.30523.141
MinimumVisualStudioVersion = 10.0.40219.1
Project("{FAE04EC0-301F-11D3-BF4B-00C04F79EFBC}") = "Library 4659", "Library 4659.csproj", "{4F13967A-8A0B-4BF5-919D-05C51CCEE21E}"
EndProject
Global
	GlobalSection(SolutionConfigurationPlatforms) = preSolution
		Debug|Any CPU = Debug|Any CPU
		Release|Any CPU = Release|Any CPU
	EndGlobalSection
	GlobalSection(ProjectConfigurationPlatforms) = postSolution
		{4F13967A-8A0B-4BF5-919D-05C51CCEE21E}.Debug|Any CPU.ActiveCfg = Debug|Any CPU
		{4F13967A-8A0B-4BF5-919D-05C51CCEE21E}.Debug|Any CPU.Build.0 = Debug|Any CPU
		{4F13967A-8A0B-4BF5-919D-05C51CCEE21E}.Release|Any CPU.ActiveCfg = Release|Any CPU
		{4F13967A-8A0B-4BF5-919D-05C51CCEE21E}.Release|Any CPU.Build.0 = Release|Any CPU
	EndGlobalSection
	GlobalSection(SolutionProperties) = preSolution
		HideSolutionNode = FALSE
	EndGlobalSection
	GlobalSection(ExtensibilityGlobals) = postSolution
		SolutionGuid = {FF99C956-41C7-48B6-8643-C5B85E1F8F07}
	EndGlobalSection
EndGlobal
